// !$*UTF8*$!
{
	archiveVersion = 1;
	classes = {
	};
	objectVersion = 46;
	objects = {

/* Begin PBXBuildFile section */
		EC366C471D07721A006877E9 /* AppDelegate.swift in Sources */ = {isa = PBXBuildFile; fileRef = EC366C461D07721A006877E9 /* AppDelegate.swift */; };
		EC366C491D07721A006877E9 /* ViewController.swift in Sources */ = {isa = PBXBuildFile; fileRef = EC366C481D07721A006877E9 /* ViewController.swift */; };
		EC366C4C1D07721A006877E9 /* Main.storyboard in Resources */ = {isa = PBXBuildFile; fileRef = EC366C4A1D07721A006877E9 /* Main.storyboard */; };
		EC366C4E1D07721A006877E9 /* Assets.xcassets in Resources */ = {isa = PBXBuildFile; fileRef = EC366C4D1D07721A006877E9 /* Assets.xcassets */; };
		EC366C511D07721A006877E9 /* LaunchScreen.storyboard in Resources */ = {isa = PBXBuildFile; fileRef = EC366C4F1D07721A006877E9 /* LaunchScreen.storyboard */; };
		EC366C5C1D07721B006877E9 /* OffTheShelf_View_PresentationTests.swift in Sources */ = {isa = PBXBuildFile; fileRef = EC366C5B1D07721B006877E9 /* OffTheShelf_View_PresentationTests.swift */; };
		EC366C671D07721B006877E9 /* OffTheShelf_View_PresentationUITests.swift in Sources */ = {isa = PBXBuildFile; fileRef = EC366C661D07721B006877E9 /* OffTheShelf_View_PresentationUITests.swift */; };
/* End PBXBuildFile section */

/* Begin PBXContainerItemProxy section */
		EC366C581D07721B006877E9 /* PBXContainerItemProxy */ = {
			isa = PBXContainerItemProxy;
			containerPortal = EC366C3B1D07721A006877E9 /* Project object */;
			proxyType = 1;
			remoteGlobalIDString = EC366C421D07721A006877E9;
			remoteInfo = "OffTheShelf View Presentation";
		};
		EC366C631D07721B006877E9 /* PBXContainerItemProxy */ = {
			isa = PBXContainerItemProxy;
			containerPortal = EC366C3B1D07721A006877E9 /* Project object */;
			proxyType = 1;
			remoteGlobalIDString = EC366C421D07721A006877E9;
			remoteInfo = "OffTheShelf View Presentation";
		};
/* End PBXContainerItemProxy section */

/* Begin PBXFileReference section */
		EC366C431D07721A006877E9 /* OffTheShelf View Presentation.app */ = {isa = PBXFileReference; explicitFileType = wrapper.application; includeInIndex = 0; path = "OffTheShelf View Presentation.app"; sourceTree = BUILT_PRODUCTS_DIR; };
		EC366C461D07721A006877E9 /* AppDelegate.swift */ = {isa = PBXFileReference; lastKnownFileType = sourcecode.swift; path = AppDelegate.swift; sourceTree = "<group>"; };
		EC366C481D07721A006877E9 /* ViewController.swift */ = {isa = PBXFileReference; lastKnownFileType = sourcecode.swift; path = ViewController.swift; sourceTree = "<group>"; };
		EC366C4B1D07721A006877E9 /* Base */ = {isa = PBXFileReference; lastKnownFileType = file.storyboard; name = Base; path = Base.lproj/Main.storyboard; sourceTree = "<group>"; };
		EC366C4D1D07721A006877E9 /* Assets.xcassets */ = {isa = PBXFileReference; lastKnownFileType = folder.assetcatalog; path = Assets.xcassets; sourceTree = "<group>"; };
		EC366C501D07721A006877E9 /* Base */ = {isa = PBXFileReference; lastKnownFileType = file.storyboard; name = Base; path = Base.lproj/LaunchScreen.storyboard; sourceTree = "<group>"; };
		EC366C521D07721A006877E9 /* Info.plist */ = {isa = PBXFileReference; lastKnownFileType = text.plist.xml; path = Info.plist; sourceTree = "<group>"; };
		EC366C571D07721B006877E9 /* OffTheShelf View PresentationTests.xctest */ = {isa = PBXFileReference; explicitFileType = wrapper.cfbundle; includeInIndex = 0; path = "OffTheShelf View PresentationTests.xctest"; sourceTree = BUILT_PRODUCTS_DIR; };
		EC366C5B1D07721B006877E9 /* OffTheShelf_View_PresentationTests.swift */ = {isa = PBXFileReference; lastKnownFileType = sourcecode.swift; path = OffTheShelf_View_PresentationTests.swift; sourceTree = "<group>"; };
		EC366C5D1D07721B006877E9 /* Info.plist */ = {isa = PBXFileReference; lastKnownFileType = text.plist.xml; path = Info.plist; sourceTree = "<group>"; };
		EC366C621D07721B006877E9 /* OffTheShelf View PresentationUITests.xctest */ = {isa = PBXFileReference; explicitFileType = wrapper.cfbundle; includeInIndex = 0; path = "OffTheShelf View PresentationUITests.xctest"; sourceTree = BUILT_PRODUCTS_DIR; };
		EC366C661D07721B006877E9 /* OffTheShelf_View_PresentationUITests.swift */ = {isa = PBXFileReference; lastKnownFileType = sourcecode.swift; path = OffTheShelf_View_PresentationUITests.swift; sourceTree = "<group>"; };
		EC366C681D07721B006877E9 /* Info.plist */ = {isa = PBXFileReference; lastKnownFileType = text.plist.xml; path = Info.plist; sourceTree = "<group>"; };
/* End PBXFileReference section */

/* Begin PBXFrameworksBuildPhase section */
		EC366C401D07721A006877E9 /* Frameworks */ = {
			isa = PBXFrameworksBuildPhase;
			buildActionMask = 2147483647;
			files = (
			);
			runOnlyForDeploymentPostprocessing = 0;
		};
		EC366C541D07721B006877E9 /* Frameworks */ = {
			isa = PBXFrameworksBuildPhase;
			buildActionMask = 2147483647;
			files = (
			);
			runOnlyForDeploymentPostprocessing = 0;
		};
		EC366C5F1D07721B006877E9 /* Frameworks */ = {
			isa = PBXFrameworksBuildPhase;
			buildActionMask = 2147483647;
			files = (
			);
			runOnlyForDeploymentPostprocessing = 0;
		};
/* End PBXFrameworksBuildPhase section */

/* Begin PBXGroup section */
		EC366C3A1D07721A006877E9 = {
			isa = PBXGroup;
			children = (
				EC366C451D07721A006877E9 /* OffTheShelf View Presentation */,
				EC366C5A1D07721B006877E9 /* OffTheShelf View PresentationTests */,
				EC366C651D07721B006877E9 /* OffTheShelf View PresentationUITests */,
				EC366C441D07721A006877E9 /* Products */,
			);
			sourceTree = "<group>";
		};
		EC366C441D07721A006877E9 /* Products */ = {
			isa = PBXGroup;
			children = (
				EC366C431D07721A006877E9 /* OffTheShelf View Presentation.app */,
				EC366C571D07721B006877E9 /* OffTheShelf View PresentationTests.xctest */,
				EC366C621D07721B006877E9 /* OffTheShelf View PresentationUITests.xctest */,
			);
			name = Products;
			sourceTree = "<group>";
		};
		EC366C451D07721A006877E9 /* OffTheShelf View Presentation */ = {
			isa = PBXGroup;
			children = (
				EC366C461D07721A006877E9 /* AppDelegate.swift */,
				EC366C481D07721A006877E9 /* ViewController.swift */,
				EC366C4A1D07721A006877E9 /* Main.storyboard */,
				EC366C4D1D07721A006877E9 /* Assets.xcassets */,
				EC366C4F1D07721A006877E9 /* LaunchScreen.storyboard */,
				EC366C521D07721A006877E9 /* Info.plist */,
			);
			path = "OffTheShelf View Presentation";
			sourceTree = "<group>";
		};
		EC366C5A1D07721B006877E9 /* OffTheShelf View PresentationTests */ = {
			isa = PBXGroup;
			children = (
				EC366C5B1D07721B006877E9 /* OffTheShelf_View_PresentationTests.swift */,
				EC366C5D1D07721B006877E9 /* Info.plist */,
			);
			path = "OffTheShelf View PresentationTests";
			sourceTree = "<group>";
		};
		EC366C651D07721B006877E9 /* OffTheShelf View PresentationUITests */ = {
			isa = PBXGroup;
			children = (
				EC366C661D07721B006877E9 /* OffTheShelf_View_PresentationUITests.swift */,
				EC366C681D07721B006877E9 /* Info.plist */,
			);
			path = "OffTheShelf View PresentationUITests";
			sourceTree = "<group>";
		};
/* End PBXGroup section */

/* Begin PBXNativeTarget section */
		EC366C421D07721A006877E9 /* OffTheShelf View Presentation */ = {
			isa = PBXNativeTarget;
			buildConfigurationList = EC366C6B1D07721B006877E9 /* Build configuration list for PBXNativeTarget "OffTheShelf View Presentation" */;
			buildPhases = (
				EC366C3F1D07721A006877E9 /* Sources */,
				EC366C401D07721A006877E9 /* Frameworks */,
				EC366C411D07721A006877E9 /* Resources */,
			);
			buildRules = (
			);
			dependencies = (
			);
			name = "OffTheShelf View Presentation";
			productName = "OffTheShelf View Presentation";
			productReference = EC366C431D07721A006877E9 /* OffTheShelf View Presentation.app */;
			productType = "com.apple.product-type.application";
		};
		EC366C561D07721B006877E9 /* OffTheShelf View PresentationTests */ = {
			isa = PBXNativeTarget;
			buildConfigurationList = EC366C6E1D07721B006877E9 /* Build configuration list for PBXNativeTarget "OffTheShelf View PresentationTests" */;
			buildPhases = (
				EC366C531D07721B006877E9 /* Sources */,
				EC366C541D07721B006877E9 /* Frameworks */,
				EC366C551D07721B006877E9 /* Resources */,
			);
			buildRules = (
			);
			dependencies = (
				EC366C591D07721B006877E9 /* PBXTargetDependency */,
			);
			name = "OffTheShelf View PresentationTests";
			productName = "OffTheShelf View PresentationTests";
			productReference = EC366C571D07721B006877E9 /* OffTheShelf View PresentationTests.xctest */;
			productType = "com.apple.product-type.bundle.unit-test";
		};
		EC366C611D07721B006877E9 /* OffTheShelf View PresentationUITests */ = {
			isa = PBXNativeTarget;
			buildConfigurationList = EC366C711D07721B006877E9 /* Build configuration list for PBXNativeTarget "OffTheShelf View PresentationUITests" */;
			buildPhases = (
				EC366C5E1D07721B006877E9 /* Sources */,
				EC366C5F1D07721B006877E9 /* Frameworks */,
				EC366C601D07721B006877E9 /* Resources */,
			);
			buildRules = (
			);
			dependencies = (
				EC366C641D07721B006877E9 /* PBXTargetDependency */,
			);
			name = "OffTheShelf View PresentationUITests";
			productName = "OffTheShelf View PresentationUITests";
			productReference = EC366C621D07721B006877E9 /* OffTheShelf View PresentationUITests.xctest */;
			productType = "com.apple.product-type.bundle.ui-testing";
		};
/* End PBXNativeTarget section */

/* Begin PBXProject section */
		EC366C3B1D07721A006877E9 /* Project object */ = {
			isa = PBXProject;
			attributes = {
				LastSwiftUpdateCheck = 0730;
				LastUpgradeCheck = 0730;
				ORGANIZATIONNAME = Saneryee;
				TargetAttributes = {
					EC366C421D07721A006877E9 = {
						CreatedOnToolsVersion = 7.3.1;
					};
					EC366C561D07721B006877E9 = {
						CreatedOnToolsVersion = 7.3.1;
						TestTargetID = EC366C421D07721A006877E9;
					};
					EC366C611D07721B006877E9 = {
						CreatedOnToolsVersion = 7.3.1;
						TestTargetID = EC366C421D07721A006877E9;
					};
				};
			};
			buildConfigurationList = EC366C3E1D07721A006877E9 /* Build configuration list for PBXProject "OffTheShelf View Presentation" */;
			compatibilityVersion = "Xcode 3.2";
			developmentRegion = English;
			hasScannedForEncodings = 0;
			knownRegions = (
				en,
				Base,
			);
			mainGroup = EC366C3A1D07721A006877E9;
			productRefGroup = EC366C441D07721A006877E9 /* Products */;
			projectDirPath = "";
			projectRoot = "";
			targets = (
				EC366C421D07721A006877E9 /* OffTheShelf View Presentation */,
				EC366C561D07721B006877E9 /* OffTheShelf View PresentationTests */,
				EC366C611D07721B006877E9 /* OffTheShelf View PresentationUITests */,
			);
		};
/* End PBXProject section */

/* Begin PBXResourcesBuildPhase section */
		EC366C411D07721A006877E9 /* Resources */ = {
			isa = PBXResourcesBuildPhase;
			buildActionMask = 2147483647;
			files = (
				EC366C511D07721A006877E9 /* LaunchScreen.storyboard in Resources */,
				EC366C4E1D07721A006877E9 /* Assets.xcassets in Resources */,
				EC366C4C1D07721A006877E9 /* Main.storyboard in Resources */,
			);
			runOnlyForDeploymentPostprocessing = 0;
		};
		EC366C551D07721B006877E9 /* Resources */ = {
			isa = PBXResourcesBuildPhase;
			buildActionMask = 2147483647;
			files = (
			);
			runOnlyForDeploymentPostprocessing = 0;
		};
		EC366C601D07721B006877E9 /* Resources */ = {
			isa = PBXResourcesBuildPhase;
			buildActionMask = 2147483647;
			files = (
			);
			runOnlyForDeploymentPostprocessing = 0;
		};
/* End PBXResourcesBuildPhase section */

/* Begin PBXSourcesBuildPhase section */
		EC366C3F1D07721A006877E9 /* Sources */ = {
			isa = PBXSourcesBuildPhase;
			buildActionMask = 2147483647;
			files = (
				EC366C491D07721A006877E9 /* ViewController.swift in Sources */,
				EC366C471D07721A006877E9 /* AppDelegate.swift in Sources */,
			);
			runOnlyForDeploymentPostprocessing = 0;
		};
		EC366C531D07721B006877E9 /* Sources */ = {
			isa = PBXSourcesBuildPhase;
			buildActionMask = 2147483647;
			files = (
				EC366C5C1D07721B006877E9 /* OffTheShelf_View_PresentationTests.swift in Sources */,
			);
			runOnlyForDeploymentPostprocessing = 0;
		};
		EC366C5E1D07721B006877E9 /* Sources */ = {
			isa = PBXSourcesBuildPhase;
			buildActionMask = 2147483647;
			files = (
				EC366C671D07721B006877E9 /* OffTheShelf_View_PresentationUITests.swift in Sources */,
			);
			runOnlyForDeploymentPostprocessing = 0;
		};
/* End PBXSourcesBuildPhase section */

/* Begin PBXTargetDependency section */
		EC366C591D07721B006877E9 /* PBXTargetDependency */ = {
			isa = PBXTargetDependency;
			target = EC366C421D07721A006877E9 /* OffTheShelf View Presentation */;
			targetProxy = EC366C581D07721B006877E9 /* PBXContainerItemProxy */;
		};
		EC366C641D07721B006877E9 /* PBXTargetDependency */ = {
			isa = PBXTargetDependency;
			target = EC366C421D07721A006877E9 /* OffTheShelf View Presentation */;
			targetProxy = EC366C631D07721B006877E9 /* PBXContainerItemProxy */;
		};
/* End PBXTargetDependency section */

/* Begin PBXVariantGroup section */
		EC366C4A1D07721A006877E9 /* Main.storyboard */ = {
			isa = PBXVariantGroup;
			children = (
				EC366C4B1D07721A006877E9 /* Base */,
			);
			name = Main.storyboard;
			sourceTree = "<group>";
		};
		EC366C4F1D07721A006877E9 /* LaunchScreen.storyboard */ = {
			isa = PBXVariantGroup;
			children = (
				EC366C501D07721A006877E9 /* Base */,
			);
			name = LaunchScreen.storyboard;
			sourceTree = "<group>";
		};
/* End PBXVariantGroup section */

/* Begin XCBuildConfiguration section */
		EC366C691D07721B006877E9 /* Debug */ = {
			isa = XCBuildConfiguration;
			buildSettings = {
				ALWAYS_SEARCH_USER_PATHS = NO;
				CLANG_ANALYZER_NONNULL = YES;
				CLANG_CXX_LANGUAGE_STANDARD = "gnu++0x";
				CLANG_CXX_LIBRARY = "libc++";
				CLANG_ENABLE_MODULES = YES;
				CLANG_ENABLE_OBJC_ARC = YES;
				CLANG_WARN_BOOL_CONVERSION = YES;
				CLANG_WARN_CONSTANT_CONVERSION = YES;
				CLANG_WARN_DIRECT_OBJC_ISA_USAGE = YES_ERROR;
				CLANG_WARN_EMPTY_BODY = YES;
				CLANG_WARN_ENUM_CONVERSION = YES;
				CLANG_WARN_INT_CONVERSION = YES;
				CLANG_WARN_OBJC_ROOT_CLASS = YES_ERROR;
				CLANG_WARN_UNREACHABLE_CODE = YES;
				CLANG_WARN__DUPLICATE_METHOD_MATCH = YES;
				"CODE_SIGN_IDENTITY[sdk=iphoneos*]" = "iPhone Developer";
				COPY_PHASE_STRIP = NO;
				DEBUG_INFORMATION_FORMAT = dwarf;
				ENABLE_STRICT_OBJC_MSGSEND = YES;
				ENABLE_TESTABILITY = YES;
				GCC_C_LANGUAGE_STANDARD = gnu99;
				GCC_DYNAMIC_NO_PIC = NO;
				GCC_NO_COMMON_BLOCKS = YES;
				GCC_OPTIMIZATION_LEVEL = 0;
				GCC_PREPROCESSOR_DEFINITIONS = (
					"DEBUG=1",
					"$(inherited)",
				);
				GCC_WARN_64_TO_32_BIT_CONVERSION = YES;
				GCC_WARN_ABOUT_RETURN_TYPE = YES_ERROR;
				GCC_WARN_UNDECLARED_SELECTOR = YES;
				GCC_WARN_UNINITIALIZED_AUTOS = YES_AGGRESSIVE;
				GCC_WARN_UNUSED_FUNCTION = YES;
				GCC_WARN_UNUSED_VARIABLE = YES;
				IPHONEOS_DEPLOYMENT_TARGET = 9.3;
				MTL_ENABLE_DEBUG_INFO = YES;
				ONLY_ACTIVE_ARCH = YES;
				SDKROOT = iphoneos;
				SWIFT_OPTIMIZATION_LEVEL = "-Onone";
			};
			name = Debug;
		};
		EC366C6A1D07721B006877E9 /* Release */ = {
			isa = XCBuildConfiguration;
			buildSettings = {
				ALWAYS_SEARCH_USER_PATHS = NO;
				CLANG_ANALYZER_NONNULL = YES;
				CLANG_CXX_LANGUAGE_STANDARD = "gnu++0x";
				CLANG_CXX_LIBRARY = "libc++";
				CLANG_ENABLE_MODULES = YES;
				CLANG_ENABLE_OBJC_ARC = YES;
				CLANG_WARN_BOOL_CONVERSION = YES;
				CLANG_WARN_CONSTANT_CONVERSION = YES;
				CLANG_WARN_DIRECT_OBJC_ISA_USAGE = YES_ERROR;
				CLANG_WARN_EMPTY_BODY = YES;
				CLANG_WARN_ENUM_CONVERSION = YES;
				CLANG_WARN_INT_CONVERSION = YES;
				CLANG_WARN_OBJC_ROOT_CLASS = YES_ERROR;
				CLANG_WARN_UNREACHABLE_CODE = YES;
				CLANG_WARN__DUPLICATE_METHOD_MATCH = YES;
				"CODE_SIGN_IDENTITY[sdk=iphoneos*]" = "iPhone Developer";
				COPY_PHASE_STRIP = NO;
				DEBUG_INFORMATION_FORMAT = "dwarf-with-dsym";
				ENABLE_NS_ASSERTIONS = NO;
				ENABLE_STRICT_OBJC_MSGSEND = YES;
				GCC_C_LANGUAGE_STANDARD = gnu99;
				GCC_NO_COMMON_BLOCKS = YES;
				GCC_WARN_64_TO_32_BIT_CONVERSION = YES;
				GCC_WARN_ABOUT_RETURN_TYPE = YES_ERROR;
				GCC_WARN_UNDECLARED_SELECTOR = YES;
				GCC_WARN_UNINITIALIZED_AUTOS = YES_AGGRESSIVE;
				GCC_WARN_UNUSED_FUNCTION = YES;
				GCC_WARN_UNUSED_VARIABLE = YES;
				IPHONEOS_DEPLOYMENT_TARGET = 9.3;
				MTL_ENABLE_DEBUG_INFO = NO;
				SDKROOT = iphoneos;
				VALIDATE_PRODUCT = YES;
			};
			name = Release;
		};
		EC366C6C1D07721B006877E9 /* Debug */ = {
			isa = XCBuildConfiguration;
			buildSettings = {
				ASSETCATALOG_COMPILER_APPICON_NAME = AppIcon;
				INFOPLIST_FILE = "OffTheShelf View Presentation/Info.plist";
				LD_RUNPATH_SEARCH_PATHS = "$(inherited) @executable_path/Frameworks";
				PRODUCT_BUNDLE_IDENTIFIER = "com.saneryee.OffTheShelf-View-Presentation";
				PRODUCT_NAME = "$(TARGET_NAME)";
			};
			name = Debug;
		};
		EC366C6D1D07721B006877E9 /* Release */ = {
			isa = XCBuildConfiguration;
			buildSettings = {
				ASSETCATALOG_COMPILER_APPICON_NAME = AppIcon;
				INFOPLIST_FILE = "OffTheShelf View Presentation/Info.plist";
				LD_RUNPATH_SEARCH_PATHS = "$(inherited) @executable_path/Frameworks";
				PRODUCT_BUNDLE_IDENTIFIER = "com.saneryee.OffTheShelf-View-Presentation";
				PRODUCT_NAME = "$(TARGET_NAME)";
			};
			name = Release;
		};
		EC366C6F1D07721B006877E9 /* Debug */ = {
			isa = XCBuildConfiguration;
			buildSettings = {
				BUNDLE_LOADER = "$(TEST_HOST)";
				INFOPLIST_FILE = "OffTheShelf View PresentationTests/Info.plist";
				LD_RUNPATH_SEARCH_PATHS = "$(inherited) @executable_path/Frameworks @loader_path/Frameworks";
				PRODUCT_BUNDLE_IDENTIFIER = "com.saneryee.OffTheShelf-View-PresentationTests";
				PRODUCT_NAME = "$(TARGET_NAME)";
				TEST_HOST = "$(BUILT_PRODUCTS_DIR)/OffTheShelf View Presentation.app/OffTheShelf View Presentation";
			};
			name = Debug;
		};
		EC366C701D07721B006877E9 /* Release */ = {
			isa = XCBuildConfiguration;
			buildSettings = {
				BUNDLE_LOADER = "$(TEST_HOST)";
				INFOPLIST_FILE = "OffTheShelf View PresentationTests/Info.plist";
				LD_RUNPATH_SEARCH_PATHS = "$(inherited) @executable_path/Frameworks @loader_path/Frameworks";
				PRODUCT_BUNDLE_IDENTIFIER = "com.saneryee.OffTheShelf-View-PresentationTests";
				PRODUCT_NAME = "$(TARGET_NAME)";
				TEST_HOST = "$(BUILT_PRODUCTS_DIR)/OffTheShelf View Presentation.app/OffTheShelf View Presentation";
			};
			name = Release;
		};
		EC366C721D07721B006877E9 /* Debug */ = {
			isa = XCBuildConfiguration;
			buildSettings = {
				INFOPLIST_FILE = "OffTheShelf View PresentationUITests/Info.plist";
				LD_RUNPATH_SEARCH_PATHS = "$(inherited) @executable_path/Frameworks @loader_path/Frameworks";
				PRODUCT_BUNDLE_IDENTIFIER = "com.saneryee.OffTheShelf-View-PresentationUITests";
				PRODUCT_NAME = "$(TARGET_NAME)";
				TEST_TARGET_NAME = "OffTheShelf View Presentation";
			};
			name = Debug;
		};
		EC366C731D07721B006877E9 /* Release */ = {
			isa = XCBuildConfiguration;
			buildSettings = {
				INFOPLIST_FILE = "OffTheShelf View PresentationUITests/Info.plist";
				LD_RUNPATH_SEARCH_PATHS = "$(inherited) @executable_path/Frameworks @loader_path/Frameworks";
				PRODUCT_BUNDLE_IDENTIFIER = "com.saneryee.OffTheShelf-View-PresentationUITests";
				PRODUCT_NAME = "$(TARGET_NAME)";
				TEST_TARGET_NAME = "OffTheShelf View Presentation";
			};
			name = Release;
		};
/* End XCBuildConfiguration section */

/* Begin XCConfigurationList section */
		EC366C3E1D07721A006877E9 /* Build configuration list for PBXProject "OffTheShelf View Presentation" */ = {
			isa = XCConfigurationList;
			buildConfigurations = (
				EC366C691D07721B006877E9 /* Debug */,
				EC366C6A1D07721B006877E9 /* Release */,
			);
			defaultConfigurationIsVisible = 0;
			defaultConfigurationName = Release;
		};
		EC366C6B1D07721B006877E9 /* Build configuration list for PBXNativeTarget "OffTheShelf View Presentation" */ = {
			isa = XCConfigurationList;
			buildConfigurations = (
				EC366C6C1D07721B006877E9 /* Debug */,
				EC366C6D1D07721B006877E9 /* Release */,
			);
			defaultConfigurationIsVisible = 0;
		};
		EC366C6E1D07721B006877E9 /* Build configuration list for PBXNativeTarget "OffTheShelf View PresentationTests" */ = {
			isa = XCConfigurationList;
			buildConfigurations = (
				EC366C6F1D07721B006877E9 /* Debug */,
				EC366C701D07721B006877E9 /* Release */,
			);
			defaultConfigurationIsVisible = 0;
		};
		EC366C711D07721B006877E9 /* Build configuration list for PBXNativeTarget "OffTheShelf View PresentationUITests" */ = {
			isa = XCConfigurationList;
			buildConfigurations = (
				EC366C721D07721B006877E9 /* Debug */,
				EC366C731D07721B006877E9 /* Release */,
			);
			defaultConfigurationIsVisible = 0;
		};
/* End XCConfigurationList section */
	};
	rootObject = EC366C3B1D07721A006877E9 /* Project object */;
}
