// !$*UTF8*$!
{
	archiveVersion = 1;
	classes = {
	};
	objectVersion = 46;
	objects = {

/* Begin PBXBuildFile section */
		EC366C811D0F6E4D006877E9 /* AppDelegate.swift in Sources */ = {isa = PBXBuildFile; fileRef = EC366C801D0F6E4D006877E9 /* AppDelegate.swift */; };
		EC366C831D0F6E4D006877E9 /* ViewController.swift in Sources */ = {isa = PBXBuildFile; fileRef = EC366C821D0F6E4D006877E9 /* ViewController.swift */; };
		EC366C861D0F6E4D006877E9 /* Main.storyboard in Resources */ = {isa = PBXBuildFile; fileRef = EC366C841D0F6E4D006877E9 /* Main.storyboard */; };
		EC366C881D0F6E4D006877E9 /* Assets.xcassets in Resources */ = {isa = PBXBuildFile; fileRef = EC366C871D0F6E4D006877E9 /* Assets.xcassets */; };
		EC366C8B1D0F6E4D006877E9 /* LaunchScreen.storyboard in Resources */ = {isa = PBXBuildFile; fileRef = EC366C891D0F6E4D006877E9 /* LaunchScreen.storyboard */; };
		EC366C961D0F6E4D006877E9 /* RoshamboTests.swift in Sources */ = {isa = PBXBuildFile; fileRef = EC366C951D0F6E4D006877E9 /* RoshamboTests.swift */; };
		EC366CA11D0F6E4E006877E9 /* RoshamboUITests.swift in Sources */ = {isa = PBXBuildFile; fileRef = EC366CA01D0F6E4E006877E9 /* RoshamboUITests.swift */; };
/* End PBXBuildFile section */

/* Begin PBXContainerItemProxy section */
		EC366C921D0F6E4D006877E9 /* PBXContainerItemProxy */ = {
			isa = PBXContainerItemProxy;
			containerPortal = EC366C751D0F6E4D006877E9 /* Project object */;
			proxyType = 1;
			remoteGlobalIDString = EC366C7C1D0F6E4D006877E9;
			remoteInfo = Roshambo;
		};
		EC366C9D1D0F6E4E006877E9 /* PBXContainerItemProxy */ = {
			isa = PBXContainerItemProxy;
			containerPortal = EC366C751D0F6E4D006877E9 /* Project object */;
			proxyType = 1;
			remoteGlobalIDString = EC366C7C1D0F6E4D006877E9;
			remoteInfo = Roshambo;
		};
/* End PBXContainerItemProxy section */

/* Begin PBXFileReference section */
		EC366C7D1D0F6E4D006877E9 /* Roshambo.app */ = {isa = PBXFileReference; explicitFileType = wrapper.application; includeInIndex = 0; path = Roshambo.app; sourceTree = BUILT_PRODUCTS_DIR; };
		EC366C801D0F6E4D006877E9 /* AppDelegate.swift */ = {isa = PBXFileReference; lastKnownFileType = sourcecode.swift; path = AppDelegate.swift; sourceTree = "<group>"; };
		EC366C821D0F6E4D006877E9 /* ViewController.swift */ = {isa = PBXFileReference; lastKnownFileType = sourcecode.swift; path = ViewController.swift; sourceTree = "<group>"; };
		EC366C851D0F6E4D006877E9 /* Base */ = {isa = PBXFileReference; lastKnownFileType = file.storyboard; name = Base; path = Base.lproj/Main.storyboard; sourceTree = "<group>"; };
		EC366C871D0F6E4D006877E9 /* Assets.xcassets */ = {isa = PBXFileReference; lastKnownFileType = folder.assetcatalog; path = Assets.xcassets; sourceTree = "<group>"; };
		EC366C8A1D0F6E4D006877E9 /* Base */ = {isa = PBXFileReference; lastKnownFileType = file.storyboard; name = Base; path = Base.lproj/LaunchScreen.storyboard; sourceTree = "<group>"; };
		EC366C8C1D0F6E4D006877E9 /* Info.plist */ = {isa = PBXFileReference; lastKnownFileType = text.plist.xml; path = Info.plist; sourceTree = "<group>"; };
		EC366C911D0F6E4D006877E9 /* RoshamboTests.xctest */ = {isa = PBXFileReference; explicitFileType = wrapper.cfbundle; includeInIndex = 0; path = RoshamboTests.xctest; sourceTree = BUILT_PRODUCTS_DIR; };
		EC366C951D0F6E4D006877E9 /* RoshamboTests.swift */ = {isa = PBXFileReference; lastKnownFileType = sourcecode.swift; path = RoshamboTests.swift; sourceTree = "<group>"; };
		EC366C971D0F6E4D006877E9 /* Info.plist */ = {isa = PBXFileReference; lastKnownFileType = text.plist.xml; path = Info.plist; sourceTree = "<group>"; };
		EC366C9C1D0F6E4E006877E9 /* RoshamboUITests.xctest */ = {isa = PBXFileReference; explicitFileType = wrapper.cfbundle; includeInIndex = 0; path = RoshamboUITests.xctest; sourceTree = BUILT_PRODUCTS_DIR; };
		EC366CA01D0F6E4E006877E9 /* RoshamboUITests.swift */ = {isa = PBXFileReference; lastKnownFileType = sourcecode.swift; path = RoshamboUITests.swift; sourceTree = "<group>"; };
		EC366CA21D0F6E4E006877E9 /* Info.plist */ = {isa = PBXFileReference; lastKnownFileType = text.plist.xml; path = Info.plist; sourceTree = "<group>"; };
/* End PBXFileReference section */

/* Begin PBXFrameworksBuildPhase section */
		EC366C7A1D0F6E4D006877E9 /* Frameworks */ = {
			isa = PBXFrameworksBuildPhase;
			buildActionMask = 2147483647;
			files = (
			);
			runOnlyForDeploymentPostprocessing = 0;
		};
		EC366C8E1D0F6E4D006877E9 /* Frameworks */ = {
			isa = PBXFrameworksBuildPhase;
			buildActionMask = 2147483647;
			files = (
			);
			runOnlyForDeploymentPostprocessing = 0;
		};
		EC366C991D0F6E4D006877E9 /* Frameworks */ = {
			isa = PBXFrameworksBuildPhase;
			buildActionMask = 2147483647;
			files = (
			);
			runOnlyForDeploymentPostprocessing = 0;
		};
/* End PBXFrameworksBuildPhase section */

/* Begin PBXGroup section */
		EC366C741D0F6E4D006877E9 = {
			isa = PBXGroup;
			children = (
				EC366C7F1D0F6E4D006877E9 /* Roshambo */,
				EC366C941D0F6E4D006877E9 /* RoshamboTests */,
				EC366C9F1D0F6E4E006877E9 /* RoshamboUITests */,
				EC366C7E1D0F6E4D006877E9 /* Products */,
			);
			sourceTree = "<group>";
		};
		EC366C7E1D0F6E4D006877E9 /* Products */ = {
			isa = PBXGroup;
			children = (
				EC366C7D1D0F6E4D006877E9 /* Roshambo.app */,
				EC366C911D0F6E4D006877E9 /* RoshamboTests.xctest */,
				EC366C9C1D0F6E4E006877E9 /* RoshamboUITests.xctest */,
			);
			name = Products;
			sourceTree = "<group>";
		};
		EC366C7F1D0F6E4D006877E9 /* Roshambo */ = {
			isa = PBXGroup;
			children = (
				EC366C801D0F6E4D006877E9 /* AppDelegate.swift */,
				EC366C821D0F6E4D006877E9 /* ViewController.swift */,
				EC366C841D0F6E4D006877E9 /* Main.storyboard */,
				EC366C871D0F6E4D006877E9 /* Assets.xcassets */,
				EC366C891D0F6E4D006877E9 /* LaunchScreen.storyboard */,
				EC366C8C1D0F6E4D006877E9 /* Info.plist */,
			);
			path = Roshambo;
			sourceTree = "<group>";
		};
		EC366C941D0F6E4D006877E9 /* RoshamboTests */ = {
			isa = PBXGroup;
			children = (
				EC366C951D0F6E4D006877E9 /* RoshamboTests.swift */,
				EC366C971D0F6E4D006877E9 /* Info.plist */,
			);
			path = RoshamboTests;
			sourceTree = "<group>";
		};
		EC366C9F1D0F6E4E006877E9 /* RoshamboUITests */ = {
			isa = PBXGroup;
			children = (
				EC366CA01D0F6E4E006877E9 /* RoshamboUITests.swift */,
				EC366CA21D0F6E4E006877E9 /* Info.plist */,
			);
			path = RoshamboUITests;
			sourceTree = "<group>";
		};
/* End PBXGroup section */

/* Begin PBXNativeTarget section */
		EC366C7C1D0F6E4D006877E9 /* Roshambo */ = {
			isa = PBXNativeTarget;
			buildConfigurationList = EC366CA51D0F6E4E006877E9 /* Build configuration list for PBXNativeTarget "Roshambo" */;
			buildPhases = (
				EC366C791D0F6E4D006877E9 /* Sources */,
				EC366C7A1D0F6E4D006877E9 /* Frameworks */,
				EC366C7B1D0F6E4D006877E9 /* Resources */,
			);
			buildRules = (
			);
			dependencies = (
			);
			name = Roshambo;
			productName = Roshambo;
			productReference = EC366C7D1D0F6E4D006877E9 /* Roshambo.app */;
			productType = "com.apple.product-type.application";
		};
		EC366C901D0F6E4D006877E9 /* RoshamboTests */ = {
			isa = PBXNativeTarget;
			buildConfigurationList = EC366CA81D0F6E4E006877E9 /* Build configuration list for PBXNativeTarget "RoshamboTests" */;
			buildPhases = (
				EC366C8D1D0F6E4D006877E9 /* Sources */,
				EC366C8E1D0F6E4D006877E9 /* Frameworks */,
				EC366C8F1D0F6E4D006877E9 /* Resources */,
			);
			buildRules = (
			);
			dependencies = (
				EC366C931D0F6E4D006877E9 /* PBXTargetDependency */,
			);
			name = RoshamboTests;
			productName = RoshamboTests;
			productReference = EC366C911D0F6E4D006877E9 /* RoshamboTests.xctest */;
			productType = "com.apple.product-type.bundle.unit-test";
		};
		EC366C9B1D0F6E4D006877E9 /* RoshamboUITests */ = {
			isa = PBXNativeTarget;
			buildConfigurationList = EC366CAB1D0F6E4E006877E9 /* Build configuration list for PBXNativeTarget "RoshamboUITests" */;
			buildPhases = (
				EC366C981D0F6E4D006877E9 /* Sources */,
				EC366C991D0F6E4D006877E9 /* Frameworks */,
				EC366C9A1D0F6E4D006877E9 /* Resources */,
			);
			buildRules = (
			);
			dependencies = (
				EC366C9E1D0F6E4E006877E9 /* PBXTargetDependency */,
			);
			name = RoshamboUITests;
			productName = RoshamboUITests;
			productReference = EC366C9C1D0F6E4E006877E9 /* RoshamboUITests.xctest */;
			productType = "com.apple.product-type.bundle.ui-testing";
		};
/* End PBXNativeTarget section */

/* Begin PBXProject section */
		EC366C751D0F6E4D006877E9 /* Project object */ = {
			isa = PBXProject;
			attributes = {
				LastSwiftUpdateCheck = 0730;
				LastUpgradeCheck = 0730;
				ORGANIZATIONNAME = Saneryee;
				TargetAttributes = {
					EC366C7C1D0F6E4D006877E9 = {
						CreatedOnToolsVersion = 7.3.1;
					};
					EC366C901D0F6E4D006877E9 = {
						CreatedOnToolsVersion = 7.3.1;
						TestTargetID = EC366C7C1D0F6E4D006877E9;
					};
					EC366C9B1D0F6E4D006877E9 = {
						CreatedOnToolsVersion = 7.3.1;
						TestTargetID = EC366C7C1D0F6E4D006877E9;
					};
				};
			};
			buildConfigurationList = EC366C781D0F6E4D006877E9 /* Build configuration list for PBXProject "Roshambo" */;
			compatibilityVersion = "Xcode 3.2";
			developmentRegion = English;
			hasScannedForEncodings = 0;
			knownRegions = (
				en,
				Base,
			);
			mainGroup = EC366C741D0F6E4D006877E9;
			productRefGroup = EC366C7E1D0F6E4D006877E9 /* Products */;
			projectDirPath = "";
			projectRoot = "";
			targets = (
				EC366C7C1D0F6E4D006877E9 /* Roshambo */,
				EC366C901D0F6E4D006877E9 /* RoshamboTests */,
				EC366C9B1D0F6E4D006877E9 /* RoshamboUITests */,
			);
		};
/* End PBXProject section */

/* Begin PBXResourcesBuildPhase section */
		EC366C7B1D0F6E4D006877E9 /* Resources */ = {
			isa = PBXResourcesBuildPhase;
			buildActionMask = 2147483647;
			files = (
				EC366C8B1D0F6E4D006877E9 /* LaunchScreen.storyboard in Resources */,
				EC366C881D0F6E4D006877E9 /* Assets.xcassets in Resources */,
				EC366C861D0F6E4D006877E9 /* Main.storyboard in Resources */,
			);
			runOnlyForDeploymentPostprocessing = 0;
		};
		EC366C8F1D0F6E4D006877E9 /* Resources */ = {
			isa = PBXResourcesBuildPhase;
			buildActionMask = 2147483647;
			files = (
			);
			runOnlyForDeploymentPostprocessing = 0;
		};
		EC366C9A1D0F6E4D006877E9 /* Resources */ = {
			isa = PBXResourcesBuildPhase;
			buildActionMask = 2147483647;
			files = (
			);
			runOnlyForDeploymentPostprocessing = 0;
		};
/* End PBXResourcesBuildPhase section */

/* Begin PBXSourcesBuildPhase section */
		EC366C791D0F6E4D006877E9 /* Sources */ = {
			isa = PBXSourcesBuildPhase;
			buildActionMask = 2147483647;
			files = (
				EC366C831D0F6E4D006877E9 /* ViewController.swift in Sources */,
				EC366C811D0F6E4D006877E9 /* AppDelegate.swift in Sources */,
			);
			runOnlyForDeploymentPostprocessing = 0;
		};
		EC366C8D1D0F6E4D006877E9 /* Sources */ = {
			isa = PBXSourcesBuildPhase;
			buildActionMask = 2147483647;
			files = (
				EC366C961D0F6E4D006877E9 /* RoshamboTests.swift in Sources */,
			);
			runOnlyForDeploymentPostprocessing = 0;
		};
		EC366C981D0F6E4D006877E9 /* Sources */ = {
			isa = PBXSourcesBuildPhase;
			buildActionMask = 2147483647;
			files = (
				EC366CA11D0F6E4E006877E9 /* RoshamboUITests.swift in Sources */,
			);
			runOnlyForDeploymentPostprocessing = 0;
		};
/* End PBXSourcesBuildPhase section */

/* Begin PBXTargetDependency section */
		EC366C931D0F6E4D006877E9 /* PBXTargetDependency */ = {
			isa = PBXTargetDependency;
			target = EC366C7C1D0F6E4D006877E9 /* Roshambo */;
			targetProxy = EC366C921D0F6E4D006877E9 /* PBXContainerItemProxy */;
		};
		EC366C9E1D0F6E4E006877E9 /* PBXTargetDependency */ = {
			isa = PBXTargetDependency;
			target = EC366C7C1D0F6E4D006877E9 /* Roshambo */;
			targetProxy = EC366C9D1D0F6E4E006877E9 /* PBXContainerItemProxy */;
		};
/* End PBXTargetDependency section */

/* Begin PBXVariantGroup section */
		EC366C841D0F6E4D006877E9 /* Main.storyboard */ = {
			isa = PBXVariantGroup;
			children = (
				EC366C851D0F6E4D006877E9 /* Base */,
			);
			name = Main.storyboard;
			sourceTree = "<group>";
		};
		EC366C891D0F6E4D006877E9 /* LaunchScreen.storyboard */ = {
			isa = PBXVariantGroup;
			children = (
				EC366C8A1D0F6E4D006877E9 /* Base */,
			);
			name = LaunchScreen.storyboard;
			sourceTree = "<group>";
		};
/* End PBXVariantGroup section */

/* Begin XCBuildConfiguration section */
		EC366CA31D0F6E4E006877E9 /* Debug */ = {
			isa = XCBuildConfiguration;
			buildSettings = {
				ALWAYS_SEARCH_USER_PATHS = NO;
				CLANG_ANALYZER_NONNULL = YES;
				CLANG_CXX_LANGUAGE_STANDARD = "gnu++0x";
				CLANG_CXX_LIBRARY = "libc++";
				CLANG_ENABLE_MODULES = YES;
				CLANG_ENABLE_OBJC_ARC = YES;
				CLANG_WARN_BOOL_CONVERSION = YES;
				CLANG_WARN_CONSTANT_CONVERSION = YES;
				CLANG_WARN_DIRECT_OBJC_ISA_USAGE = YES_ERROR;
				CLANG_WARN_EMPTY_BODY = YES;
				CLANG_WARN_ENUM_CONVERSION = YES;
				CLANG_WARN_INT_CONVERSION = YES;
				CLANG_WARN_OBJC_ROOT_CLASS = YES_ERROR;
				CLANG_WARN_UNREACHABLE_CODE = YES;
				CLANG_WARN__DUPLICATE_METHOD_MATCH = YES;
				"CODE_SIGN_IDENTITY[sdk=iphoneos*]" = "iPhone Developer";
				COPY_PHASE_STRIP = NO;
				DEBUG_INFORMATION_FORMAT = dwarf;
				ENABLE_STRICT_OBJC_MSGSEND = YES;
				ENABLE_TESTABILITY = YES;
				GCC_C_LANGUAGE_STANDARD = gnu99;
				GCC_DYNAMIC_NO_PIC = NO;
				GCC_NO_COMMON_BLOCKS = YES;
				GCC_OPTIMIZATION_LEVEL = 0;
				GCC_PREPROCESSOR_DEFINITIONS = (
					"DEBUG=1",
					"$(inherited)",
				);
				GCC_WARN_64_TO_32_BIT_CONVERSION = YES;
				GCC_WARN_ABOUT_RETURN_TYPE = YES_ERROR;
				GCC_WARN_UNDECLARED_SELECTOR = YES;
				GCC_WARN_UNINITIALIZED_AUTOS = YES_AGGRESSIVE;
				GCC_WARN_UNUSED_FUNCTION = YES;
				GCC_WARN_UNUSED_VARIABLE = YES;
				IPHONEOS_DEPLOYMENT_TARGET = 9.3;
				MTL_ENABLE_DEBUG_INFO = YES;
				ONLY_ACTIVE_ARCH = YES;
				SDKROOT = iphoneos;
				SWIFT_OPTIMIZATION_LEVEL = "-Onone";
			};
			name = Debug;
		};
		EC366CA41D0F6E4E006877E9 /* Release */ = {
			isa = XCBuildConfiguration;
			buildSettings = {
				ALWAYS_SEARCH_USER_PATHS = NO;
				CLANG_ANALYZER_NONNULL = YES;
				CLANG_CXX_LANGUAGE_STANDARD = "gnu++0x";
				CLANG_CXX_LIBRARY = "libc++";
				CLANG_ENABLE_MODULES = YES;
				CLANG_ENABLE_OBJC_ARC = YES;
				CLANG_WARN_BOOL_CONVERSION = YES;
				CLANG_WARN_CONSTANT_CONVERSION = YES;
				CLANG_WARN_DIRECT_OBJC_ISA_USAGE = YES_ERROR;
				CLANG_WARN_EMPTY_BODY = YES;
				CLANG_WARN_ENUM_CONVERSION = YES;
				CLANG_WARN_INT_CONVERSION = YES;
				CLANG_WARN_OBJC_ROOT_CLASS = YES_ERROR;
				CLANG_WARN_UNREACHABLE_CODE = YES;
				CLANG_WARN__DUPLICATE_METHOD_MATCH = YES;
				"CODE_SIGN_IDENTITY[sdk=iphoneos*]" = "iPhone Developer";
				COPY_PHASE_STRIP = NO;
				DEBUG_INFORMATION_FORMAT = "dwarf-with-dsym";
				ENABLE_NS_ASSERTIONS = NO;
				ENABLE_STRICT_OBJC_MSGSEND = YES;
				GCC_C_LANGUAGE_STANDARD = gnu99;
				GCC_NO_COMMON_BLOCKS = YES;
				GCC_WARN_64_TO_32_BIT_CONVERSION = YES;
				GCC_WARN_ABOUT_RETURN_TYPE = YES_ERROR;
				GCC_WARN_UNDECLARED_SELECTOR = YES;
				GCC_WARN_UNINITIALIZED_AUTOS = YES_AGGRESSIVE;
				GCC_WARN_UNUSED_FUNCTION = YES;
				GCC_WARN_UNUSED_VARIABLE = YES;
				IPHONEOS_DEPLOYMENT_TARGET = 9.3;
				MTL_ENABLE_DEBUG_INFO = NO;
				SDKROOT = iphoneos;
				VALIDATE_PRODUCT = YES;
			};
			name = Release;
		};
		EC366CA61D0F6E4E006877E9 /* Debug */ = {
			isa = XCBuildConfiguration;
			buildSettings = {
				ASSETCATALOG_COMPILER_APPICON_NAME = AppIcon;
				INFOPLIST_FILE = Roshambo/Info.plist;
				LD_RUNPATH_SEARCH_PATHS = "$(inherited) @executable_path/Frameworks";
				PRODUCT_BUNDLE_IDENTIFIER = com.saneryee.Roshambo;
				PRODUCT_NAME = "$(TARGET_NAME)";
			};
			name = Debug;
		};
		EC366CA71D0F6E4E006877E9 /* Release */ = {
			isa = XCBuildConfiguration;
			buildSettings = {
				ASSETCATALOG_COMPILER_APPICON_NAME = AppIcon;
				INFOPLIST_FILE = Roshambo/Info.plist;
				LD_RUNPATH_SEARCH_PATHS = "$(inherited) @executable_path/Frameworks";
				PRODUCT_BUNDLE_IDENTIFIER = com.saneryee.Roshambo;
				PRODUCT_NAME = "$(TARGET_NAME)";
			};
			name = Release;
		};
		EC366CA91D0F6E4E006877E9 /* Debug */ = {
			isa = XCBuildConfiguration;
			buildSettings = {
				BUNDLE_LOADER = "$(TEST_HOST)";
				INFOPLIST_FILE = RoshamboTests/Info.plist;
				LD_RUNPATH_SEARCH_PATHS = "$(inherited) @executable_path/Frameworks @loader_path/Frameworks";
				PRODUCT_BUNDLE_IDENTIFIER = com.saneryee.RoshamboTests;
				PRODUCT_NAME = "$(TARGET_NAME)";
				TEST_HOST = "$(BUILT_PRODUCTS_DIR)/Roshambo.app/Roshambo";
			};
			name = Debug;
		};
		EC366CAA1D0F6E4E006877E9 /* Release */ = {
			isa = XCBuildConfiguration;
			buildSettings = {
				BUNDLE_LOADER = "$(TEST_HOST)";
				INFOPLIST_FILE = RoshamboTests/Info.plist;
				LD_RUNPATH_SEARCH_PATHS = "$(inherited) @executable_path/Frameworks @loader_path/Frameworks";
				PRODUCT_BUNDLE_IDENTIFIER = com.saneryee.RoshamboTests;
				PRODUCT_NAME = "$(TARGET_NAME)";
				TEST_HOST = "$(BUILT_PRODUCTS_DIR)/Roshambo.app/Roshambo";
			};
			name = Release;
		};
		EC366CAC1D0F6E4E006877E9 /* Debug */ = {
			isa = XCBuildConfiguration;
			buildSettings = {
				INFOPLIST_FILE = RoshamboUITests/Info.plist;
				LD_RUNPATH_SEARCH_PATHS = "$(inherited) @executable_path/Frameworks @loader_path/Frameworks";
				PRODUCT_BUNDLE_IDENTIFIER = com.saneryee.RoshamboUITests;
				PRODUCT_NAME = "$(TARGET_NAME)";
				TEST_TARGET_NAME = Roshambo;
			};
			name = Debug;
		};
		EC366CAD1D0F6E4E006877E9 /* Release */ = {
			isa = XCBuildConfiguration;
			buildSettings = {
				INFOPLIST_FILE = RoshamboUITests/Info.plist;
				LD_RUNPATH_SEARCH_PATHS = "$(inherited) @executable_path/Frameworks @loader_path/Frameworks";
				PRODUCT_BUNDLE_IDENTIFIER = com.saneryee.RoshamboUITests;
				PRODUCT_NAME = "$(TARGET_NAME)";
				TEST_TARGET_NAME = Roshambo;
			};
			name = Release;
		};
/* End XCBuildConfiguration section */

/* Begin XCConfigurationList section */
		EC366C781D0F6E4D006877E9 /* Build configuration list for PBXProject "Roshambo" */ = {
			isa = XCConfigurationList;
			buildConfigurations = (
				EC366CA31D0F6E4E006877E9 /* Debug */,
				EC366CA41D0F6E4E006877E9 /* Release */,
			);
			defaultConfigurationIsVisible = 0;
			defaultConfigurationName = Release;
		};
		EC366CA51D0F6E4E006877E9 /* Build configuration list for PBXNativeTarget "Roshambo" */ = {
			isa = XCConfigurationList;
			buildConfigurations = (
				EC366CA61D0F6E4E006877E9 /* Debug */,
				EC366CA71D0F6E4E006877E9 /* Release */,
			);
			defaultConfigurationIsVisible = 0;
		};
		EC366CA81D0F6E4E006877E9 /* Build configuration list for PBXNativeTarget "RoshamboTests" */ = {
			isa = XCConfigurationList;
			buildConfigurations = (
				EC366CA91D0F6E4E006877E9 /* Debug */,
				EC366CAA1D0F6E4E006877E9 /* Release */,
			);
			defaultConfigurationIsVisible = 0;
		};
		EC366CAB1D0F6E4E006877E9 /* Build configuration list for PBXNativeTarget "RoshamboUITests" */ = {
			isa = XCConfigurationList;
			buildConfigurations = (
				EC366CAC1D0F6E4E006877E9 /* Debug */,
				EC366CAD1D0F6E4E006877E9 /* Release */,
			);
			defaultConfigurationIsVisible = 0;
		};
/* End XCConfigurationList section */
	};
	rootObject = EC366C751D0F6E4D006877E9 /* Project object */;
}
